<?xml version="1.0" encoding="utf-8"?>
<Project ToolsVersion="4.0" xmlns="http://schemas.microsoft.com/developer/msbuild/2003">
  <ItemGroup>
    <ClCompile Include="Source\GLObject.cpp">
      <Filter>Source\Graphics Engine\Geometry</Filter>
    </ClCompile>
    <ClCompile Include="Source\GLObjectSystem.cpp">
      <Filter>Source\Graphics Engine\Geometry</Filter>
    </ClCompile>
    <ClCompile Include="Source\GLGeometry.cpp">
      <Filter>Source\Graphics Engine\Geometry</Filter>
    </ClCompile>
    <ClCompile Include="Source\GLFactory.cpp">
      <Filter>Source\Graphics Engine</Filter>
    </ClCompile>
    <ClCompile Include="Source\Camera.cpp">
      <Filter>Source\Graphics Engine</Filter>
    </ClCompile>
    <ClCompile Include="Source\GLShape.cpp">
      <Filter>Source\Graphics Engine\Geometry</Filter>
    </ClCompile>
    <ClCompile Include="Source\GLLoader.cpp">
      <Filter>Source\Graphics Engine</Filter>
    </ClCompile>
    <ClCompile Include="Source\GLShader.cpp">
      <Filter>Source\Graphics Engine</Filter>
    </ClCompile>
    <ClCompile Include="Source\main.cpp">
      <Filter>Source\Core</Filter>
    </ClCompile>
    <ClCompile Include="Source\WinApp.cpp">
      <Filter>Source\Core</Filter>
    </ClCompile>
    <ClCompile Include="Source\GLRenderer.cpp">
      <Filter>Source\Graphics Engine</Filter>
    </ClCompile>
    <ClCompile Include="Source\GLImageLoader.cpp">
      <Filter>Source\Graphics Engine</Filter>
    </ClCompile>
    <ClCompile Include="Source\GLText.cpp">
      <Filter>Source\Utils</Filter>
    </ClCompile>
    <ClCompile Include="Source\Clock.cpp">
      <Filter>Source\Utils</Filter>
    </ClCompile>
    <ClCompile Include="Source\Math.cpp">
      <Filter>Source\Utils</Filter>
    </ClCompile>
    <ClCompile Include="Source\Plant.cpp">
      <Filter>Source\Plants</Filter>
    </ClCompile>
    <ClCompile Include="Source\PlantSystem.cpp">
      <Filter>Source\Plants</Filter>
    </ClCompile>
    <ClCompile Include="Source\GLUtil.cpp">
      <Filter>Source\Graphics Engine</Filter>
    </ClCompile>
    <ClCompile Include="Source\MatrixStack.cpp">
      <Filter>Source\Utils</Filter>
    </ClCompile>
  </ItemGroup>
  <ItemGroup>
    <ClInclude Include="Source\GLObjectSystem.h">
      <Filter>Source\Graphics Engine\Geometry</Filter>
    </ClInclude>
    <ClInclude Include="Source\GLObject.h">
      <Filter>Source\Graphics Engine\Geometry</Filter>
    </ClInclude>
    <ClInclude Include="Source\GLGeometry.h">
      <Filter>Source\Graphics Engine\Geometry</Filter>
    </ClInclude>
    <ClInclude Include="Source\Camera.h">
      <Filter>Source\Graphics Engine</Filter>
    </ClInclude>
    <ClInclude Include="Source\GLShape.h">
      <Filter>Source\Graphics Engine\Geometry</Filter>
    </ClInclude>
    <ClInclude Include="Source\GLFactory.h">
      <Filter>Source\Graphics Engine</Filter>
    </ClInclude>
    <ClInclude Include="Source\GLLoader.h">
      <Filter>Source\Graphics Engine</Filter>
    </ClInclude>
    <ClInclude Include="Source\GLShader.h">
      <Filter>Source\Graphics Engine</Filter>
    </ClInclude>
    <ClInclude Include="Source\GLSharedTypes.h">
      <Filter>Source\Graphics Engine</Filter>
    </ClInclude>
    <ClInclude Include="Source\WinApp.h">
      <Filter>Source\Core</Filter>
    </ClInclude>
    <ClInclude Include="Source\GLRenderer.h">
      <Filter>Source\Graphics Engine</Filter>
    </ClInclude>
    <ClInclude Include="Source\GLImageLoader.h">
      <Filter>Source\Graphics Engine</Filter>
    </ClInclude>
    <ClInclude Include="Source\GLText.h">
      <Filter>Source\Utils</Filter>
    </ClInclude>
    <ClInclude Include="Source\Clock.h">
      <Filter>Source\Utils</Filter>
    </ClInclude>
    <ClInclude Include="Source\Math.h">
      <Filter>Source\Utils</Filter>
    </ClInclude>
    <ClInclude Include="Source\Plant.h">
      <Filter>Source\Plants</Filter>
    </ClInclude>
    <ClInclude Include="Source\PlantSystem.h">
      <Filter>Source\Plants</Filter>
    </ClInclude>
    <ClInclude Include="Source\GLUtil.h">
      <Filter>Source\Graphics Engine</Filter>
    </ClInclude>
    <ClInclude Include="Source\MatrixStack.h">
      <Filter>Source\Utils</Filter>
    </ClInclude>
  </ItemGroup>
  <ItemGroup>
    <Filter Include="Source">
      <UniqueIdentifier>{7f3b57b4-9949-440c-874c-010070b98a14}</UniqueIdentifier>
    </Filter>
    <Filter Include="Shaders">
      <UniqueIdentifier>{8747c83f-49f0-4669-b61c-72658bf17dfb}</UniqueIdentifier>
    </Filter>
    <Filter Include="Source\Graphics Engine">
      <UniqueIdentifier>{cf4aa516-fafc-4fd9-8f68-e7298fc8fe33}</UniqueIdentifier>
    </Filter>
    <Filter Include="Source\Graphics Engine\Geometry">
      <UniqueIdentifier>{634a9836-4b56-45e0-aaf4-2096ce9b80bc}</UniqueIdentifier>
    </Filter>
    <Filter Include="Source\Core">
      <UniqueIdentifier>{42b1786c-7932-4576-ba7b-1e22ce4e420f}</UniqueIdentifier>
    </Filter>
    <Filter Include="Source\Utils">
      <UniqueIdentifier>{de073b45-a4a0-40fb-a0af-0f5ada1cd97d}</UniqueIdentifier>
    </Filter>
    <Filter Include="Source\Plants">
      <UniqueIdentifier>{1a5813fd-841e-4458-aca9-6603ef2b99fb}</UniqueIdentifier>
    </Filter>
    <Filter Include="Shaders\Plant">
      <UniqueIdentifier>{19b5c243-6b24-4fbd-b7fe-3a4d43f5a6ec}</UniqueIdentifier>
    </Filter>
    <Filter Include="Shaders\Leaf">
      <UniqueIdentifier>{87b68497-fd6a-4b5b-9b12-45bd7800e642}</UniqueIdentifier>
    </Filter>
    <Filter Include="Shaders\Test">
      <UniqueIdentifier>{2f0348ce-561d-46c1-8c79-f636832febd1}</UniqueIdentifier>
    </Filter>
    <Filter Include="Shaders\Plain">
      <UniqueIdentifier>{fd26bf89-83d0-43f5-a5ad-7f926640c022}</UniqueIdentifier>
    </Filter>
    <Filter Include="Shaders\Text">
      <UniqueIdentifier>{dde5df43-9fcf-4281-8e00-28a2aaaba1e6}</UniqueIdentifier>
    </Filter>
    <Filter Include="Shaders\PlantUpdate">
      <UniqueIdentifier>{0902e357-d39f-4f7e-be71-51d93aa45334}</UniqueIdentifier>
    </Filter>
  </ItemGroup>
  <ItemGroup>
    <None Include="Shaders\Test.cp">
      <Filter>Shaders\Test</Filter>
    </None>
    <None Include="Shaders\Test.fp">
      <Filter>Shaders\Test</Filter>
    </None>
    <None Include="Shaders\Test.vp">
      <Filter>Shaders\Test</Filter>
    </None>
    <None Include="Shaders\Plant.vp">
      <Filter>Shaders\Plant</Filter>
    </None>
    <None Include="Shaders\Plant.fp">
      <Filter>Shaders\Plant</Filter>
    </None>
    <None Include="Shaders\Plant.gp">
      <Filter>Shaders\Plant</Filter>
    </None>
    <None Include="Shaders\Leaf.gp">
      <Filter>Shaders\Leaf</Filter>
    </None>
    <None Include="Shaders\Leaf.fp">
      <Filter>Shaders\Leaf</Filter>
    </None>
    <None Include="Shaders\Plain.vp">
      <Filter>Shaders\Plain</Filter>
    </None>
    <None Include="Shaders\Plain.fp">
      <Filter>Shaders\Plain</Filter>
    </None>
    <None Include="Shaders\Text.vp">
      <Filter>Shaders\Text</Filter>
    </None>
    <None Include="Shaders\Text.fp">
      <Filter>Shaders\Text</Filter>
    </None>
    <None Include="Shaders\PlantUpdate.cp">
      <Filter>Shaders\PlantUpdate</Filter>
    </None>
  </ItemGroup>
</Project>